
Microsoft Visual Studio Solution File, Format Version 12.00
# Visual Studio Version 16
VisualStudioVersion = 16.0.29519.181
MinimumVisualStudioVersion = 10.0.40219.1
Project("{2150E333-8FDC-42A3-9474-1A3956D46DE8}") = "- Config", "- Config", "{6BDAE5C1-D308-42EF-8B1C-60964D58A384}"
ProjectSection(SolutionItems) = preProject
	CodeAnalysis.ruleset = CodeAnalysis.ruleset
	global.json = global.json
	..\CHANGELOG.md = ..\CHANGELOG.md
	..\README.md = ..\README.md
	Directory.Build.props = Directory.Build.props
EndProjectSection
EndProject
Project("{FAE04EC0-301F-11D3-BF4B-00C04F79EFBC}") = "Credfeto.DotNet.Repo.Tools.Cmd", "Credfeto.DotNet.Repo.Tools.Cmd\Credfeto.DotNet.Repo.Tools.Cmd.csproj", "{2483BF4F-3827-4366-8FE0-A0D81592FCBC}"
EndProject
Project("{FAE04EC0-301F-11D3-BF4B-00C04F79EFBC}") = "Credfeto.DotNet.Repo.Tools.Git", "Credfeto.DotNet.Repo.Tools.Git\Credfeto.DotNet.Repo.Tools.Git.csproj", "{9820BDE5-6C81-4929-8159-2B609BFD114A}"
EndProject
Project("{FAE04EC0-301F-11D3-BF4B-00C04F79EFBC}") = "Credfeto.DotNet.Repo.Tools.Git.Tests", "Credfeto.DotNet.Repo.Tools.Git.Tests\Credfeto.DotNet.Repo.Tools.Git.Tests.csproj", "{CF338325-435E-448A-8BFD-725B6B57B673}"
EndProject
Project("{FAE04EC0-301F-11D3-BF4B-00C04F79EFBC}") = "Credfeto.DotNet.Repo.Tracking", "Credfeto.DotNet.Repo.Tracking\Credfeto.DotNet.Repo.Tracking.csproj", "{169FED5D-923D-4CD6-875F-FD0FA1931CB3}"
EndProject
Project("{FAE04EC0-301F-11D3-BF4B-00C04F79EFBC}") = "Credfeto.DotNet.Repo.Tracking.Tests", "Credfeto.DotNet.Repo.Tracking.Tests\Credfeto.DotNet.Repo.Tracking.Tests.csproj", "{C133BC14-C036-45BA-A2BD-82D949161915}"
EndProject
Project("{FAE04EC0-301F-11D3-BF4B-00C04F79EFBC}") = "Credfeto.DotNet.Repo.Tools.Build", "Credfeto.DotNet.Repo.Tools.Build\Credfeto.DotNet.Repo.Tools.Build.csproj", "{7E0AB248-2919-4A68-860D-786D238A4410}"
EndProject
Project("{FAE04EC0-301F-11D3-BF4B-00C04F79EFBC}") = "Credfeto.DotNet.Repo.Tools.Build.Tests", "Credfeto.DotNet.Repo.Tools.Build.Tests\Credfeto.DotNet.Repo.Tools.Build.Tests.csproj", "{01969ED0-A2D6-44F0-9723-C860A6E086F3}"
EndProject
Project("{FAE04EC0-301F-11D3-BF4B-00C04F79EFBC}") = "Credfeto.DotNet.Repo.Tools.DotNet", "Credfeto.DotNet.Repo.Tools.DotNet\Credfeto.DotNet.Repo.Tools.DotNet.csproj", "{34121F01-62F6-40E0-B1F7-111A68E035C6}"
EndProject
Project("{FAE04EC0-301F-11D3-BF4B-00C04F79EFBC}") = "Credfeto.DotNet.Repo.Tools.Models", "Credfeto.DotNet.Repo.Tools.Models\Credfeto.DotNet.Repo.Tools.Models.csproj", "{A3881105-9B13-4745-88FC-2B2A6B78EBEC}"
EndProject
Project("{FAE04EC0-301F-11D3-BF4B-00C04F79EFBC}") = "Credfeto.DotNet.Repo.Tools.Release", "Credfeto.DotNet.Repo.Tools.Release\Credfeto.DotNet.Repo.Tools.Release.csproj", "{818E2D90-E4C5-436F-B4D1-C883AF25A379}"
EndProject
Project("{FAE04EC0-301F-11D3-BF4B-00C04F79EFBC}") = "Credfeto.DotNet.Repo.Tools.Git.Interfaces", "Credfeto.DotNet.Repo.Tools.Git.Interfaces\Credfeto.DotNet.Repo.Tools.Git.Interfaces.csproj", "{643589D8-7D99-4674-A23F-6EF8E2562BC9}"
EndProject
Project("{FAE04EC0-301F-11D3-BF4B-00C04F79EFBC}") = "Credfeto.DotNet.Repo.Tools.Release.Interfaces", "Credfeto.DotNet.Repo.Tools.Release.Interfaces\Credfeto.DotNet.Repo.Tools.Release.Interfaces.csproj", "{4A19E362-781B-45D6-872A-9FC004E06732}"
EndProject
Project("{FAE04EC0-301F-11D3-BF4B-00C04F79EFBC}") = "Credfeto.DotNet.Repo.Tracking.Interfaces", "Credfeto.DotNet.Repo.Tracking.Interfaces\Credfeto.DotNet.Repo.Tracking.Interfaces.csproj", "{1BC839F2-B798-437E-AD01-D416718E4A4E}"
EndProject
Project("{FAE04EC0-301F-11D3-BF4B-00C04F79EFBC}") = "Credfeto.DotNet.Repo.Tools.DotNet.Interfaces", "Credfeto.DotNet.Repo.Tools.DotNet.Interfaces\Credfeto.DotNet.Repo.Tools.DotNet.Interfaces.csproj", "{72030A2C-CD05-4052-8D09-F0412FA6D9B5}"
EndProject
Project("{FAE04EC0-301F-11D3-BF4B-00C04F79EFBC}") = "Credfeto.DotNet.Repo.Tools.Build.Interfaces", "Credfeto.DotNet.Repo.Tools.Build.Interfaces\Credfeto.DotNet.Repo.Tools.Build.Interfaces.csproj", "{DD1D61FE-9BDE-4D51-BCFB-26D6581B5948}"
EndProject
Project("{FAE04EC0-301F-11D3-BF4B-00C04F79EFBC}") = "Credfeto.DotNet.Repo.Tools.Packages", "Credfeto.DotNet.Repo.Tools.Packages\Credfeto.DotNet.Repo.Tools.Packages.csproj", "{F1186688-6449-4368-BB7A-DE94CBB19637}"
EndProject
Project("{FAE04EC0-301F-11D3-BF4B-00C04F79EFBC}") = "Credfeto.DotNet.Repo.Tools.Packages.Tests", "Credfeto.DotNet.Repo.Tools.Packages.Tests\Credfeto.DotNet.Repo.Tools.Packages.Tests.csproj", "{D2C8C2AA-4854-455A-A28C-019DCEDD52B0}"
EndProject
Project("{FAE04EC0-301F-11D3-BF4B-00C04F79EFBC}") = "Credfeto.DotNet.Repo.Tools.Packages.Interfaces", "Credfeto.DotNet.Repo.Tools.Packages.Interfaces\Credfeto.DotNet.Repo.Tools.Packages.Interfaces.csproj", "{2BF7D0CE-B072-4EB5-8FA1-34FA47229714}"
EndProject
Project("{FAE04EC0-301F-11D3-BF4B-00C04F79EFBC}") = "Credfeto.DotNet.Repo.Tools.DotNet.Tests", "Credfeto.DotNet.Repo.Tools.DotNet.Tests\Credfeto.DotNet.Repo.Tools.DotNet.Tests.csproj", "{12CFEC6D-2D00-4ADE-90AD-CD3083A7384F}"
EndProject
Project("{FAE04EC0-301F-11D3-BF4B-00C04F79EFBC}") = "Credfeto.DotNet.Repo.Tools.Release.Tests", "Credfeto.DotNet.Repo.Tools.Release.Tests\Credfeto.DotNet.Repo.Tools.Release.Tests.csproj", "{2A66D330-7E72-41A0-88C8-6A27227120F5}"
EndProject
Project("{2150E333-8FDC-42A3-9474-1A3956D46DE8}") = "Build", "Build", "{6B66FA4C-AE53-49CB-B188-C3F743132277}"
EndProject
Project("{2150E333-8FDC-42A3-9474-1A3956D46DE8}") = "DotNet", "DotNet", "{9D280BCD-8705-4C42-97A2-CFD624319597}"
EndProject
Project("{2150E333-8FDC-42A3-9474-1A3956D46DE8}") = "Git", "Git", "{B4D0E78E-9DA6-4BF9-A2ED-1736EC5D0672}"
EndProject
Project("{2150E333-8FDC-42A3-9474-1A3956D46DE8}") = "Packages", "Packages", "{75366A1D-11EB-450E-A72B-9D2CF053B657}"
EndProject
Project("{2150E333-8FDC-42A3-9474-1A3956D46DE8}") = "Release", "Release", "{3C4242DF-5CBC-4E27-A656-7033F503D77C}"
EndProject
Project("{2150E333-8FDC-42A3-9474-1A3956D46DE8}") = "Tracking", "Tracking", "{D0B6B42E-F5FC-40FF-BAE1-13D5BF350F92}"
EndProject
Project("{2150E333-8FDC-42A3-9474-1A3956D46DE8}") = "CodeCleanup", "CodeCleanup", "{CE82E8FC-2199-4C4E-B24F-F9B5BEC1C753}"
EndProject
Project("{2150E333-8FDC-42A3-9474-1A3956D46DE8}") = "TemplateUpdate", "TemplateUpdate", "{CC43FBAC-2B8E-44C2-8B2E-EAAD5FE40403}"
EndProject
Project("{FAE04EC0-301F-11D3-BF4B-00C04F79EFBC}") = "Credfeto.DotNet.Repo.Tools.CleanUp", "Credfeto.DotNet.Repo.Tools.CleanUp\Credfeto.DotNet.Repo.Tools.CleanUp.csproj", "{E3E6832E-F311-40EC-AA5B-C139E4808BDD}"
EndProject
Project("{FAE04EC0-301F-11D3-BF4B-00C04F79EFBC}") = "Credfeto.DotNet.Repo.Tools.CleanUp.Interfaces", "Credfeto.DotNet.Repo.Tools.CleanUp.Interfaces\Credfeto.DotNet.Repo.Tools.CleanUp.Interfaces.csproj", "{4DB02914-42DE-425B-9765-CF7CB74C49A6}"
EndProject
Project("{FAE04EC0-301F-11D3-BF4B-00C04F79EFBC}") = "Credfeto.DotNet.Repo.Tools.CleanUp.Tests", "Credfeto.DotNet.Repo.Tools.CleanUp.Tests\Credfeto.DotNet.Repo.Tools.CleanUp.Tests.csproj", "{5900A6B8-C8F5-444C-B32B-35ECE2F72337}"
EndProject
Project("{FAE04EC0-301F-11D3-BF4B-00C04F79EFBC}") = "Credfeto.DotNet.Repo.Tools.TemplateUpdate", "Credfeto.DotNet.Repo.Tools.TemplateUpdate\Credfeto.DotNet.Repo.Tools.TemplateUpdate.csproj", "{8F1C7932-B08A-4424-BA44-C4B4367B37EB}"
EndProject
Project("{FAE04EC0-301F-11D3-BF4B-00C04F79EFBC}") = "Credfeto.DotNet.Repo.Tools.TemplateUpdate.Interfaces", "Credfeto.DotNet.Repo.Tools.TemplateUpdate.Interfaces\Credfeto.DotNet.Repo.Tools.TemplateUpdate.Interfaces.csproj", "{5B389EC2-9860-462C-94C5-F884B62546A9}"
EndProject
Project("{FAE04EC0-301F-11D3-BF4B-00C04F79EFBC}") = "Credfeto.DotNet.Repo.Tools.TemplateUpdate.Tests", "Credfeto.DotNet.Repo.Tools.TemplateUpdate.Tests\Credfeto.DotNet.Repo.Tools.TemplateUpdate.Tests.csproj", "{4F7EA82D-5C2F-4DD5-9002-F1D76F2EAFF3}"
EndProject
Project("{FAE04EC0-301F-11D3-BF4B-00C04F79EFBC}") = "Credfeto.DotNet.Repo.Tools.Extensions", "Credfeto.DotNet.Repo.Tools.Extensions\Credfeto.DotNet.Repo.Tools.Extensions.csproj", "{CB0B5555-12C2-42EF-9D11-88134154A48E}"
EndProject
Global
	GlobalSection(ProjectConfigurationPlatforms) = postSolution
		{2483BF4F-3827-4366-8FE0-A0D81592FCBC}.Debug|Any CPU.ActiveCfg = Debug|Any CPU
		{2483BF4F-3827-4366-8FE0-A0D81592FCBC}.Debug|Any CPU.Build.0 = Debug|Any CPU
		{2483BF4F-3827-4366-8FE0-A0D81592FCBC}.Release|Any CPU.ActiveCfg = Release|Any CPU
		{2483BF4F-3827-4366-8FE0-A0D81592FCBC}.Release|Any CPU.Build.0 = Release|Any CPU
		{9820BDE5-6C81-4929-8159-2B609BFD114A}.Debug|Any CPU.ActiveCfg = Debug|Any CPU
		{9820BDE5-6C81-4929-8159-2B609BFD114A}.Debug|Any CPU.Build.0 = Debug|Any CPU
		{9820BDE5-6C81-4929-8159-2B609BFD114A}.Release|Any CPU.ActiveCfg = Release|Any CPU
		{9820BDE5-6C81-4929-8159-2B609BFD114A}.Release|Any CPU.Build.0 = Release|Any CPU
		{CF338325-435E-448A-8BFD-725B6B57B673}.Debug|Any CPU.ActiveCfg = Debug|Any CPU
		{CF338325-435E-448A-8BFD-725B6B57B673}.Debug|Any CPU.Build.0 = Debug|Any CPU
		{CF338325-435E-448A-8BFD-725B6B57B673}.Release|Any CPU.ActiveCfg = Release|Any CPU
		{CF338325-435E-448A-8BFD-725B6B57B673}.Release|Any CPU.Build.0 = Release|Any CPU
		{169FED5D-923D-4CD6-875F-FD0FA1931CB3}.Debug|Any CPU.ActiveCfg = Debug|Any CPU
		{169FED5D-923D-4CD6-875F-FD0FA1931CB3}.Debug|Any CPU.Build.0 = Debug|Any CPU
		{169FED5D-923D-4CD6-875F-FD0FA1931CB3}.Release|Any CPU.ActiveCfg = Release|Any CPU
		{169FED5D-923D-4CD6-875F-FD0FA1931CB3}.Release|Any CPU.Build.0 = Release|Any CPU
		{C133BC14-C036-45BA-A2BD-82D949161915}.Debug|Any CPU.ActiveCfg = Debug|Any CPU
		{C133BC14-C036-45BA-A2BD-82D949161915}.Debug|Any CPU.Build.0 = Debug|Any CPU
		{C133BC14-C036-45BA-A2BD-82D949161915}.Release|Any CPU.ActiveCfg = Release|Any CPU
		{C133BC14-C036-45BA-A2BD-82D949161915}.Release|Any CPU.Build.0 = Release|Any CPU
		{7E0AB248-2919-4A68-860D-786D238A4410}.Debug|Any CPU.ActiveCfg = Debug|Any CPU
		{7E0AB248-2919-4A68-860D-786D238A4410}.Debug|Any CPU.Build.0 = Debug|Any CPU
		{7E0AB248-2919-4A68-860D-786D238A4410}.Release|Any CPU.ActiveCfg = Release|Any CPU
		{7E0AB248-2919-4A68-860D-786D238A4410}.Release|Any CPU.Build.0 = Release|Any CPU
		{01969ED0-A2D6-44F0-9723-C860A6E086F3}.Debug|Any CPU.ActiveCfg = Debug|Any CPU
		{01969ED0-A2D6-44F0-9723-C860A6E086F3}.Debug|Any CPU.Build.0 = Debug|Any CPU
		{01969ED0-A2D6-44F0-9723-C860A6E086F3}.Release|Any CPU.ActiveCfg = Release|Any CPU
		{01969ED0-A2D6-44F0-9723-C860A6E086F3}.Release|Any CPU.Build.0 = Release|Any CPU
		{34121F01-62F6-40E0-B1F7-111A68E035C6}.Debug|Any CPU.ActiveCfg = Debug|Any CPU
		{34121F01-62F6-40E0-B1F7-111A68E035C6}.Debug|Any CPU.Build.0 = Debug|Any CPU
		{34121F01-62F6-40E0-B1F7-111A68E035C6}.Release|Any CPU.ActiveCfg = Release|Any CPU
		{34121F01-62F6-40E0-B1F7-111A68E035C6}.Release|Any CPU.Build.0 = Release|Any CPU
		{A3881105-9B13-4745-88FC-2B2A6B78EBEC}.Debug|Any CPU.ActiveCfg = Debug|Any CPU
		{A3881105-9B13-4745-88FC-2B2A6B78EBEC}.Debug|Any CPU.Build.0 = Debug|Any CPU
		{A3881105-9B13-4745-88FC-2B2A6B78EBEC}.Release|Any CPU.ActiveCfg = Release|Any CPU
		{A3881105-9B13-4745-88FC-2B2A6B78EBEC}.Release|Any CPU.Build.0 = Release|Any CPU
		{818E2D90-E4C5-436F-B4D1-C883AF25A379}.Debug|Any CPU.ActiveCfg = Debug|Any CPU
		{818E2D90-E4C5-436F-B4D1-C883AF25A379}.Debug|Any CPU.Build.0 = Debug|Any CPU
		{818E2D90-E4C5-436F-B4D1-C883AF25A379}.Release|Any CPU.ActiveCfg = Release|Any CPU
		{818E2D90-E4C5-436F-B4D1-C883AF25A379}.Release|Any CPU.Build.0 = Release|Any CPU
		{643589D8-7D99-4674-A23F-6EF8E2562BC9}.Debug|Any CPU.ActiveCfg = Debug|Any CPU
		{643589D8-7D99-4674-A23F-6EF8E2562BC9}.Debug|Any CPU.Build.0 = Debug|Any CPU
		{643589D8-7D99-4674-A23F-6EF8E2562BC9}.Release|Any CPU.ActiveCfg = Release|Any CPU
		{643589D8-7D99-4674-A23F-6EF8E2562BC9}.Release|Any CPU.Build.0 = Release|Any CPU
		{4A19E362-781B-45D6-872A-9FC004E06732}.Debug|Any CPU.ActiveCfg = Debug|Any CPU
		{4A19E362-781B-45D6-872A-9FC004E06732}.Debug|Any CPU.Build.0 = Debug|Any CPU
		{4A19E362-781B-45D6-872A-9FC004E06732}.Release|Any CPU.ActiveCfg = Release|Any CPU
		{4A19E362-781B-45D6-872A-9FC004E06732}.Release|Any CPU.Build.0 = Release|Any CPU
		{1BC839F2-B798-437E-AD01-D416718E4A4E}.Debug|Any CPU.ActiveCfg = Debug|Any CPU
		{1BC839F2-B798-437E-AD01-D416718E4A4E}.Debug|Any CPU.Build.0 = Debug|Any CPU
		{1BC839F2-B798-437E-AD01-D416718E4A4E}.Release|Any CPU.ActiveCfg = Release|Any CPU
		{1BC839F2-B798-437E-AD01-D416718E4A4E}.Release|Any CPU.Build.0 = Release|Any CPU
		{72030A2C-CD05-4052-8D09-F0412FA6D9B5}.Debug|Any CPU.ActiveCfg = Debug|Any CPU
		{72030A2C-CD05-4052-8D09-F0412FA6D9B5}.Debug|Any CPU.Build.0 = Debug|Any CPU
		{72030A2C-CD05-4052-8D09-F0412FA6D9B5}.Release|Any CPU.ActiveCfg = Release|Any CPU
		{72030A2C-CD05-4052-8D09-F0412FA6D9B5}.Release|Any CPU.Build.0 = Release|Any CPU
		{DD1D61FE-9BDE-4D51-BCFB-26D6581B5948}.Debug|Any CPU.ActiveCfg = Debug|Any CPU
		{DD1D61FE-9BDE-4D51-BCFB-26D6581B5948}.Debug|Any CPU.Build.0 = Debug|Any CPU
		{DD1D61FE-9BDE-4D51-BCFB-26D6581B5948}.Release|Any CPU.ActiveCfg = Release|Any CPU
		{DD1D61FE-9BDE-4D51-BCFB-26D6581B5948}.Release|Any CPU.Build.0 = Release|Any CPU
		{F1186688-6449-4368-BB7A-DE94CBB19637}.Debug|Any CPU.ActiveCfg = Debug|Any CPU
		{F1186688-6449-4368-BB7A-DE94CBB19637}.Debug|Any CPU.Build.0 = Debug|Any CPU
		{F1186688-6449-4368-BB7A-DE94CBB19637}.Release|Any CPU.ActiveCfg = Release|Any CPU
		{F1186688-6449-4368-BB7A-DE94CBB19637}.Release|Any CPU.Build.0 = Release|Any CPU
		{D2C8C2AA-4854-455A-A28C-019DCEDD52B0}.Debug|Any CPU.ActiveCfg = Debug|Any CPU
		{D2C8C2AA-4854-455A-A28C-019DCEDD52B0}.Debug|Any CPU.Build.0 = Debug|Any CPU
		{D2C8C2AA-4854-455A-A28C-019DCEDD52B0}.Release|Any CPU.ActiveCfg = Release|Any CPU
		{D2C8C2AA-4854-455A-A28C-019DCEDD52B0}.Release|Any CPU.Build.0 = Release|Any CPU
		{2BF7D0CE-B072-4EB5-8FA1-34FA47229714}.Debug|Any CPU.ActiveCfg = Debug|Any CPU
		{2BF7D0CE-B072-4EB5-8FA1-34FA47229714}.Debug|Any CPU.Build.0 = Debug|Any CPU
		{2BF7D0CE-B072-4EB5-8FA1-34FA47229714}.Release|Any CPU.ActiveCfg = Release|Any CPU
		{2BF7D0CE-B072-4EB5-8FA1-34FA47229714}.Release|Any CPU.Build.0 = Release|Any CPU
		{12CFEC6D-2D00-4ADE-90AD-CD3083A7384F}.Debug|Any CPU.ActiveCfg = Debug|Any CPU
		{12CFEC6D-2D00-4ADE-90AD-CD3083A7384F}.Debug|Any CPU.Build.0 = Debug|Any CPU
		{12CFEC6D-2D00-4ADE-90AD-CD3083A7384F}.Release|Any CPU.ActiveCfg = Release|Any CPU
		{12CFEC6D-2D00-4ADE-90AD-CD3083A7384F}.Release|Any CPU.Build.0 = Release|Any CPU
		{2A66D330-7E72-41A0-88C8-6A27227120F5}.Debug|Any CPU.ActiveCfg = Debug|Any CPU
		{2A66D330-7E72-41A0-88C8-6A27227120F5}.Debug|Any CPU.Build.0 = Debug|Any CPU
		{2A66D330-7E72-41A0-88C8-6A27227120F5}.Release|Any CPU.ActiveCfg = Release|Any CPU
		{2A66D330-7E72-41A0-88C8-6A27227120F5}.Release|Any CPU.Build.0 = Release|Any CPU
		{E3E6832E-F311-40EC-AA5B-C139E4808BDD}.Debug|Any CPU.ActiveCfg = Debug|Any CPU
		{E3E6832E-F311-40EC-AA5B-C139E4808BDD}.Debug|Any CPU.Build.0 = Debug|Any CPU
		{E3E6832E-F311-40EC-AA5B-C139E4808BDD}.Release|Any CPU.ActiveCfg = Release|Any CPU
		{E3E6832E-F311-40EC-AA5B-C139E4808BDD}.Release|Any CPU.Build.0 = Release|Any CPU
		{4DB02914-42DE-425B-9765-CF7CB74C49A6}.Debug|Any CPU.ActiveCfg = Debug|Any CPU
		{4DB02914-42DE-425B-9765-CF7CB74C49A6}.Debug|Any CPU.Build.0 = Debug|Any CPU
		{4DB02914-42DE-425B-9765-CF7CB74C49A6}.Release|Any CPU.ActiveCfg = Release|Any CPU
		{4DB02914-42DE-425B-9765-CF7CB74C49A6}.Release|Any CPU.Build.0 = Release|Any CPU
		{5900A6B8-C8F5-444C-B32B-35ECE2F72337}.Debug|Any CPU.ActiveCfg = Debug|Any CPU
		{5900A6B8-C8F5-444C-B32B-35ECE2F72337}.Debug|Any CPU.Build.0 = Debug|Any CPU
		{5900A6B8-C8F5-444C-B32B-35ECE2F72337}.Release|Any CPU.ActiveCfg = Release|Any CPU
		{5900A6B8-C8F5-444C-B32B-35ECE2F72337}.Release|Any CPU.Build.0 = Release|Any CPU
		{8F1C7932-B08A-4424-BA44-C4B4367B37EB}.Debug|Any CPU.ActiveCfg = Debug|Any CPU
		{8F1C7932-B08A-4424-BA44-C4B4367B37EB}.Debug|Any CPU.Build.0 = Debug|Any CPU
		{8F1C7932-B08A-4424-BA44-C4B4367B37EB}.Release|Any CPU.ActiveCfg = Release|Any CPU
		{8F1C7932-B08A-4424-BA44-C4B4367B37EB}.Release|Any CPU.Build.0 = Release|Any CPU
		{5B389EC2-9860-462C-94C5-F884B62546A9}.Debug|Any CPU.ActiveCfg = Debug|Any CPU
		{5B389EC2-9860-462C-94C5-F884B62546A9}.Debug|Any CPU.Build.0 = Debug|Any CPU
		{5B389EC2-9860-462C-94C5-F884B62546A9}.Release|Any CPU.ActiveCfg = Release|Any CPU
		{5B389EC2-9860-462C-94C5-F884B62546A9}.Release|Any CPU.Build.0 = Release|Any CPU
		{4F7EA82D-5C2F-4DD5-9002-F1D76F2EAFF3}.Debug|Any CPU.ActiveCfg = Debug|Any CPU
		{4F7EA82D-5C2F-4DD5-9002-F1D76F2EAFF3}.Debug|Any CPU.Build.0 = Debug|Any CPU
		{4F7EA82D-5C2F-4DD5-9002-F1D76F2EAFF3}.Release|Any CPU.ActiveCfg = Release|Any CPU
		{4F7EA82D-5C2F-4DD5-9002-F1D76F2EAFF3}.Release|Any CPU.Build.0 = Release|Any CPU
		{CB0B5555-12C2-42EF-9D11-88134154A48E}.Debug|Any CPU.ActiveCfg = Debug|Any CPU
		{CB0B5555-12C2-42EF-9D11-88134154A48E}.Debug|Any CPU.Build.0 = Debug|Any CPU
		{CB0B5555-12C2-42EF-9D11-88134154A48E}.Release|Any CPU.ActiveCfg = Release|Any CPU
		{CB0B5555-12C2-42EF-9D11-88134154A48E}.Release|Any CPU.Build.0 = Release|Any CPU
	EndGlobalSection
	GlobalSection(SolutionConfigurationPlatforms) = preSolution
		Debug|Any CPU = Debug|Any CPU
		Release|Any CPU = Release|Any CPU
	EndGlobalSection
	GlobalSection(NestedProjects) = preSolution
		{7E0AB248-2919-4A68-860D-786D238A4410} = {6B66FA4C-AE53-49CB-B188-C3F743132277}
		{DD1D61FE-9BDE-4D51-BCFB-26D6581B5948} = {6B66FA4C-AE53-49CB-B188-C3F743132277}
		{01969ED0-A2D6-44F0-9723-C860A6E086F3} = {6B66FA4C-AE53-49CB-B188-C3F743132277}
		{34121F01-62F6-40E0-B1F7-111A68E035C6} = {9D280BCD-8705-4C42-97A2-CFD624319597}
		{72030A2C-CD05-4052-8D09-F0412FA6D9B5} = {9D280BCD-8705-4C42-97A2-CFD624319597}
		{12CFEC6D-2D00-4ADE-90AD-CD3083A7384F} = {9D280BCD-8705-4C42-97A2-CFD624319597}
		{9820BDE5-6C81-4929-8159-2B609BFD114A} = {B4D0E78E-9DA6-4BF9-A2ED-1736EC5D0672}
		{643589D8-7D99-4674-A23F-6EF8E2562BC9} = {B4D0E78E-9DA6-4BF9-A2ED-1736EC5D0672}
		{CF338325-435E-448A-8BFD-725B6B57B673} = {B4D0E78E-9DA6-4BF9-A2ED-1736EC5D0672}
		{F1186688-6449-4368-BB7A-DE94CBB19637} = {75366A1D-11EB-450E-A72B-9D2CF053B657}
		{2BF7D0CE-B072-4EB5-8FA1-34FA47229714} = {75366A1D-11EB-450E-A72B-9D2CF053B657}
		{D2C8C2AA-4854-455A-A28C-019DCEDD52B0} = {75366A1D-11EB-450E-A72B-9D2CF053B657}
		{818E2D90-E4C5-436F-B4D1-C883AF25A379} = {3C4242DF-5CBC-4E27-A656-7033F503D77C}
		{4A19E362-781B-45D6-872A-9FC004E06732} = {3C4242DF-5CBC-4E27-A656-7033F503D77C}
		{2A66D330-7E72-41A0-88C8-6A27227120F5} = {3C4242DF-5CBC-4E27-A656-7033F503D77C}
		{169FED5D-923D-4CD6-875F-FD0FA1931CB3} = {D0B6B42E-F5FC-40FF-BAE1-13D5BF350F92}
		{1BC839F2-B798-437E-AD01-D416718E4A4E} = {D0B6B42E-F5FC-40FF-BAE1-13D5BF350F92}
		{C133BC14-C036-45BA-A2BD-82D949161915} = {D0B6B42E-F5FC-40FF-BAE1-13D5BF350F92}
		{E3E6832E-F311-40EC-AA5B-C139E4808BDD} = {CE82E8FC-2199-4C4E-B24F-F9B5BEC1C753}
		{4DB02914-42DE-425B-9765-CF7CB74C49A6} = {CE82E8FC-2199-4C4E-B24F-F9B5BEC1C753}
		{5900A6B8-C8F5-444C-B32B-35ECE2F72337} = {CE82E8FC-2199-4C4E-B24F-F9B5BEC1C753}
		{8F1C7932-B08A-4424-BA44-C4B4367B37EB} = {CC43FBAC-2B8E-44C2-8B2E-EAAD5FE40403}
		{5B389EC2-9860-462C-94C5-F884B62546A9} = {CC43FBAC-2B8E-44C2-8B2E-EAAD5FE40403}
		{4F7EA82D-5C2F-4DD5-9002-F1D76F2EAFF3} = {CC43FBAC-2B8E-44C2-8B2E-EAAD5FE40403}
	EndGlobalSection
EndGlobal
